
Microsoft Visual Studio Solution File, Format Version 12.00
# Visual Studio Version 17
VisualStudioVersion = 17.10.35201.131
MinimumVisualStudioVersion = 10.0.40219.1
Project("{FAE04EC0-301F-11D3-BF4B-00C04F79EFBC}") = "SakuraSushi_API", "SakuraSushi_API\SakuraSushi_API.csproj", "{7E8307F4-FEC6-48BB-A26A-EF553D61C819}"
EndProject
Global
	GlobalSection(SolutionConfigurationPlatforms) = preSolution
		Debug|Any CPU = Debug|Any CPU
		Release|Any CPU = Release|Any CPU
	EndGlobalSection
	GlobalSection(ProjectConfigurationPlatforms) = postSolution
		{7E8307F4-FEC6-48BB-A26A-EF553D61C819}.Debug|Any CPU.ActiveCfg = Debug|Any CPU
		{7E8307F4-FEC6-48BB-A26A-EF553D61C819}.Debug|Any CPU.Build.0 = Debug|Any CPU
		{7E8307F4-FEC6-48BB-A26A-EF553D61C819}.Release|Any CPU.ActiveCfg = Release|Any CPU
		{7E8307F4-FEC6-48BB-A26A-EF553D61C819}.Release|Any CPU.Build.0 = Release|Any CPU
	EndGlobalSection
	GlobalSection(SolutionProperties) = preSolution
		HideSolutionNode = FALSE
	EndGlobalSection
	GlobalSection(ExtensibilityGlobals) = postSolution
		SolutionGuid = {C575B327-89BD-4640-9C51-EB44FC11B137}
	EndGlobalSection
EndGlobal
